
Microsoft Visual Studio Solution File, Format Version 12.00
# Visual Studio Version 17
VisualStudioVersion = 17.9.34622.214
MinimumVisualStudioVersion = 10.0.40219.1
Project("{9A19103F-16F7-4668-BE54-9A1E7A4F7556}") = "ConsoleAppDotNetCore", "ConsoleAppDotNetCore\ConsoleAppDotNetCore.csproj", "{D96A9A8E-923C-457A-99E0-57278E1228FE}"
EndProject
Project("{9A19103F-16F7-4668-BE54-9A1E7A4F7556}") = "ProductPriceCalculator", "ProductPriceCalculator\ProductPriceCalculator.csproj", "{72728474-E69F-43AD-8CB0-81AD75850311}"
EndProject
Project("{9A19103F-16F7-4668-BE54-9A1E7A4F7556}") = "Demo_Loop", "Demo_Loop\Demo_Loop.csproj", "{2B548E6E-490D-400A-AD23-89A1067A4D3E}"
EndProject
Project("{9A19103F-16F7-4668-BE54-9A1E7A4F7556}") = "GradingSystem", "GradingSystem\GradingSystem.csproj", "{B5719E7C-4B80-4F43-9D5A-0E6E63BFCE49}"
EndProject
Project("{9A19103F-16F7-4668-BE54-9A1E7A4F7556}") = "LeapYearPgm", "LeapYearPgm\LeapYearPgm.csproj", "{C9F7B2F8-6786-4566-A2BF-9AF8ACFB09BF}"
EndProject
Project("{9A19103F-16F7-4668-BE54-9A1E7A4F7556}") = "BuiltIn_Functions", "String_operations\BuiltIn_Functions.csproj", "{41020EAA-C0BC-4EA6-BAC4-479576A1CE23}"
EndProject
Project("{9A19103F-16F7-4668-BE54-9A1E7A4F7556}") = "Arrays_Example", "Arrays_Example\Arrays_Example.csproj", "{0EEDFA9E-92F3-429B-A2CF-F6431EAE6983}"
EndProject
Project("{9A19103F-16F7-4668-BE54-9A1E7A4F7556}") = "Classes_Example", "Classes_Example\Classes_Example.csproj", "{96737FAE-A8D5-4126-B981-9B04D8403DA6}"
EndProject
Project("{9A19103F-16F7-4668-BE54-9A1E7A4F7556}") = "SessionTask_Bike", "SessionTask_Bike\SessionTask_Bike.csproj", "{42991ACD-87F0-44D9-BCE7-DE25E9CAF7E2}"
EndProject
Project("{9A19103F-16F7-4668-BE54-9A1E7A4F7556}") = "Structure_example", "Structure_example\Structure_example.csproj", "{41C1C5B9-F0DF-4276-B121-1FFF613BC94F}"
EndProject
Project("{FAE04EC0-301F-11D3-BF4B-00C04F79EFBC}") = "Exception_Handling", "Exception_Handling\Exception_Handling.csproj", "{2061D0A7-333A-4A58-A63D-FC717DE93AAD}"
EndProject
Global
	GlobalSection(SolutionConfigurationPlatforms) = preSolution
		Debug|Any CPU = Debug|Any CPU
		Release|Any CPU = Release|Any CPU
	EndGlobalSection
	GlobalSection(ProjectConfigurationPlatforms) = postSolution
		{D96A9A8E-923C-457A-99E0-57278E1228FE}.Debug|Any CPU.ActiveCfg = Debug|Any CPU
		{D96A9A8E-923C-457A-99E0-57278E1228FE}.Debug|Any CPU.Build.0 = Debug|Any CPU
		{D96A9A8E-923C-457A-99E0-57278E1228FE}.Release|Any CPU.ActiveCfg = Release|Any CPU
		{D96A9A8E-923C-457A-99E0-57278E1228FE}.Release|Any CPU.Build.0 = Release|Any CPU
		{72728474-E69F-43AD-8CB0-81AD75850311}.Debug|Any CPU.ActiveCfg = Debug|Any CPU
		{72728474-E69F-43AD-8CB0-81AD75850311}.Debug|Any CPU.Build.0 = Debug|Any CPU
		{72728474-E69F-43AD-8CB0-81AD75850311}.Release|Any CPU.ActiveCfg = Release|Any CPU
		{72728474-E69F-43AD-8CB0-81AD75850311}.Release|Any CPU.Build.0 = Release|Any CPU
		{2B548E6E-490D-400A-AD23-89A1067A4D3E}.Debug|Any CPU.ActiveCfg = Debug|Any CPU
		{2B548E6E-490D-400A-AD23-89A1067A4D3E}.Debug|Any CPU.Build.0 = Debug|Any CPU
		{2B548E6E-490D-400A-AD23-89A1067A4D3E}.Release|Any CPU.ActiveCfg = Release|Any CPU
		{2B548E6E-490D-400A-AD23-89A1067A4D3E}.Release|Any CPU.Build.0 = Release|Any CPU
		{B5719E7C-4B80-4F43-9D5A-0E6E63BFCE49}.Debug|Any CPU.ActiveCfg = Debug|Any CPU
		{B5719E7C-4B80-4F43-9D5A-0E6E63BFCE49}.Debug|Any CPU.Build.0 = Debug|Any CPU
		{B5719E7C-4B80-4F43-9D5A-0E6E63BFCE49}.Release|Any CPU.ActiveCfg = Release|Any CPU
		{B5719E7C-4B80-4F43-9D5A-0E6E63BFCE49}.Release|Any CPU.Build.0 = Release|Any CPU
		{C9F7B2F8-6786-4566-A2BF-9AF8ACFB09BF}.Debug|Any CPU.ActiveCfg = Debug|Any CPU
		{C9F7B2F8-6786-4566-A2BF-9AF8ACFB09BF}.Debug|Any CPU.Build.0 = Debug|Any CPU
		{C9F7B2F8-6786-4566-A2BF-9AF8ACFB09BF}.Release|Any CPU.ActiveCfg = Release|Any CPU
		{C9F7B2F8-6786-4566-A2BF-9AF8ACFB09BF}.Release|Any CPU.Build.0 = Release|Any CPU
		{41020EAA-C0BC-4EA6-BAC4-479576A1CE23}.Debug|Any CPU.ActiveCfg = Debug|Any CPU
		{41020EAA-C0BC-4EA6-BAC4-479576A1CE23}.Debug|Any CPU.Build.0 = Debug|Any CPU
		{41020EAA-C0BC-4EA6-BAC4-479576A1CE23}.Release|Any CPU.ActiveCfg = Release|Any CPU
		{41020EAA-C0BC-4EA6-BAC4-479576A1CE23}.Release|Any CPU.Build.0 = Release|Any CPU
		{0EEDFA9E-92F3-429B-A2CF-F6431EAE6983}.Debug|Any CPU.ActiveCfg = Debug|Any CPU
		{0EEDFA9E-92F3-429B-A2CF-F6431EAE6983}.Debug|Any CPU.Build.0 = Debug|Any CPU
		{0EEDFA9E-92F3-429B-A2CF-F6431EAE6983}.Release|Any CPU.ActiveCfg = Release|Any CPU
		{0EEDFA9E-92F3-429B-A2CF-F6431EAE6983}.Release|Any CPU.Build.0 = Release|Any CPU
		{96737FAE-A8D5-4126-B981-9B04D8403DA6}.Debug|Any CPU.ActiveCfg = Debug|Any CPU
		{96737FAE-A8D5-4126-B981-9B04D8403DA6}.Debug|Any CPU.Build.0 = Debug|Any CPU
		{96737FAE-A8D5-4126-B981-9B04D8403DA6}.Release|Any CPU.ActiveCfg = Release|Any CPU
		{96737FAE-A8D5-4126-B981-9B04D8403DA6}.Release|Any CPU.Build.0 = Release|Any CPU
		{42991ACD-87F0-44D9-BCE7-DE25E9CAF7E2}.Debug|Any CPU.ActiveCfg = Debug|Any CPU
		{42991ACD-87F0-44D9-BCE7-DE25E9CAF7E2}.Debug|Any CPU.Build.0 = Debug|Any CPU
		{42991ACD-87F0-44D9-BCE7-DE25E9CAF7E2}.Release|Any CPU.ActiveCfg = Release|Any CPU
		{42991ACD-87F0-44D9-BCE7-DE25E9CAF7E2}.Release|Any CPU.Build.0 = Release|Any CPU
		{41C1C5B9-F0DF-4276-B121-1FFF613BC94F}.Debug|Any CPU.ActiveCfg = Debug|Any CPU
		{41C1C5B9-F0DF-4276-B121-1FFF613BC94F}.Debug|Any CPU.Build.0 = Debug|Any CPU
		{41C1C5B9-F0DF-4276-B121-1FFF613BC94F}.Release|Any CPU.ActiveCfg = Release|Any CPU
		{41C1C5B9-F0DF-4276-B121-1FFF613BC94F}.Release|Any CPU.Build.0 = Release|Any CPU
		{2061D0A7-333A-4A58-A63D-FC717DE93AAD}.Debug|Any CPU.ActiveCfg = Debug|Any CPU
		{2061D0A7-333A-4A58-A63D-FC717DE93AAD}.Debug|Any CPU.Build.0 = Debug|Any CPU
		{2061D0A7-333A-4A58-A63D-FC717DE93AAD}.Release|Any CPU.ActiveCfg = Release|Any CPU
		{2061D0A7-333A-4A58-A63D-FC717DE93AAD}.Release|Any CPU.Build.0 = Release|Any CPU
	EndGlobalSection
	GlobalSection(SolutionProperties) = preSolution
		HideSolutionNode = FALSE
	EndGlobalSection
	GlobalSection(ExtensibilityGlobals) = postSolution
		SolutionGuid = {8A279531-8083-46A8-9FEA-6085A28C60C4}
	EndGlobalSection
EndGlobal
